
Microsoft Visual Studio Solution File, Format Version 12.00
# Visual Studio Version 16
VisualStudioVersion = 25.0.1706.5
MinimumVisualStudioVersion = 10.0.40219.1
Project("{FAE04EC0-301F-11D3-BF4B-00C04F79EFBC}") = "CA2", "CA2\CA2.csproj", "{746C570D-F4F9-445C-BDB3-F2AAEB6B7F28}"
EndProject
Global
	GlobalSection(SolutionConfigurationPlatforms) = preSolution
		Debug|Any CPU = Debug|Any CPU
		Release|Any CPU = Release|Any CPU
	EndGlobalSection
	GlobalSection(ProjectConfigurationPlatforms) = postSolution
		{746C570D-F4F9-445C-BDB3-F2AAEB6B7F28}.Debug|Any CPU.ActiveCfg = Debug|Any CPU
		{746C570D-F4F9-445C-BDB3-F2AAEB6B7F28}.Debug|Any CPU.Build.0 = Debug|Any CPU
		{746C570D-F4F9-445C-BDB3-F2AAEB6B7F28}.Release|Any CPU.ActiveCfg = Release|Any CPU
		{746C570D-F4F9-445C-BDB3-F2AAEB6B7F28}.Release|Any CPU.Build.0 = Release|Any CPU
	EndGlobalSection
	GlobalSection(SolutionProperties) = preSolution
		HideSolutionNode = FALSE
	EndGlobalSection
	GlobalSection(ExtensibilityGlobals) = postSolution
		SolutionGuid = {FEAC6FA1-04B5-4260-B8CE-92168AFC1C42}
	EndGlobalSection
EndGlobal
